// !$*UTF8*$!
{
	archiveVersion = 1;
	classes = {
	};
	objectVersion = 46;
	objects = {

/* Begin PBXBuildFile section */
		73CB54A31979684800B9F0F2 /* Image7.jpg in Resources */ = {isa = PBXBuildFile; fileRef = 73CB549C1979684800B9F0F2 /* Image7.jpg */; };
		73CB54A41979684800B9F0F2 /* Image2.jpg in Resources */ = {isa = PBXBuildFile; fileRef = 73CB549D1979684800B9F0F2 /* Image2.jpg */; };
		73CB54A51979684800B9F0F2 /* Image4.jpg in Resources */ = {isa = PBXBuildFile; fileRef = 73CB549E1979684800B9F0F2 /* Image4.jpg */; };
		73CB54A61979684800B9F0F2 /* Image5.jpg in Resources */ = {isa = PBXBuildFile; fileRef = 73CB549F1979684800B9F0F2 /* Image5.jpg */; };
		73CB54A71979684800B9F0F2 /* Image6.jpg in Resources */ = {isa = PBXBuildFile; fileRef = 73CB54A01979684800B9F0F2 /* Image6.jpg */; };
		73CB54A81979684800B9F0F2 /* QRCode.png in Resources */ = {isa = PBXBuildFile; fileRef = 73CB54A11979684800B9F0F2 /* QRCode.png */; };
		73EB22B8197979E1008D6729 /* Cover.png in Resources */ = {isa = PBXBuildFile; fileRef = 73EB22B5197979E1008D6729 /* Cover.png */; };
		73EB22B9197979E1008D6729 /* image1.jpg in Resources */ = {isa = PBXBuildFile; fileRef = 73EB22B6197979E1008D6729 /* image1.jpg */; };
		73EB22BA197979E1008D6729 /* image3.jpg in Resources */ = {isa = PBXBuildFile; fileRef = 73EB22B7197979E1008D6729 /* image3.jpg */; };
		73EB22BC19797AF6008D6729 /* cross39.png in Resources */ = {isa = PBXBuildFile; fileRef = 73EB22BB19797AF6008D6729 /* cross39.png */; };
		77937ADA1978B2E00091FFA0 /* Foundation.framework in Frameworks */ = {isa = PBXBuildFile; fileRef = 77937AD91978B2E00091FFA0 /* Foundation.framework */; };
		77937ADC1978B2E00091FFA0 /* CoreGraphics.framework in Frameworks */ = {isa = PBXBuildFile; fileRef = 77937ADB1978B2E00091FFA0 /* CoreGraphics.framework */; };
		77937ADE1978B2E00091FFA0 /* UIKit.framework in Frameworks */ = {isa = PBXBuildFile; fileRef = 77937ADD1978B2E00091FFA0 /* UIKit.framework */; };
		77937AE41978B2E00091FFA0 /* InfoPlist.strings in Resources */ = {isa = PBXBuildFile; fileRef = 77937AE21978B2E00091FFA0 /* InfoPlist.strings */; };
		77937AE61978B2E00091FFA0 /* main.m in Sources */ = {isa = PBXBuildFile; fileRef = 77937AE51978B2E00091FFA0 /* main.m */; };
		77937AEA1978B2E00091FFA0 /* AppDelegate.m in Sources */ = {isa = PBXBuildFile; fileRef = 77937AE91978B2E00091FFA0 /* AppDelegate.m */; };
		77937AED1978B2E00091FFA0 /* Main.storyboard in Resources */ = {isa = PBXBuildFile; fileRef = 77937AEB1978B2E00091FFA0 /* Main.storyboard */; };
		77937AF01978B2E00091FFA0 /* ViewController.m in Sources */ = {isa = PBXBuildFile; fileRef = 77937AEF1978B2E00091FFA0 /* ViewController.m */; };
		77937AF21978B2E00091FFA0 /* Images.xcassets in Resources */ = {isa = PBXBuildFile; fileRef = 77937AF11978B2E00091FFA0 /* Images.xcassets */; };
		77937AF91978B2E00091FFA0 /* XCTest.framework in Frameworks */ = {isa = PBXBuildFile; fileRef = 77937AF81978B2E00091FFA0 /* XCTest.framework */; };
		77937AFA1978B2E00091FFA0 /* Foundation.framework in Frameworks */ = {isa = PBXBuildFile; fileRef = 77937AD91978B2E00091FFA0 /* Foundation.framework */; };
		77937AFB1978B2E00091FFA0 /* UIKit.framework in Frameworks */ = {isa = PBXBuildFile; fileRef = 77937ADD1978B2E00091FFA0 /* UIKit.framework */; };
		77937B031978B2E00091FFA0 /* InfoPlist.strings in Resources */ = {isa = PBXBuildFile; fileRef = 77937B011978B2E00091FFA0 /* InfoPlist.strings */; };
		77937B051978B2E00091FFA0 /* ShelterTests.m in Sources */ = {isa = PBXBuildFile; fileRef = 77937B041978B2E00091FFA0 /* ShelterTests.m */; };
		77937B111978B62B0091FFA0 /* JBKenBurnsView.m in Sources */ = {isa = PBXBuildFile; fileRef = 77937B101978B62B0091FFA0 /* JBKenBurnsView.m */; };
		77937B131978BB2C0091FFA0 /* MapKit.framework in Frameworks */ = {isa = PBXBuildFile; fileRef = 77937B121978BB2C0091FFA0 /* MapKit.framework */; };
		77937B161978BDD30091FFA0 /* ShelterMapViewController.m in Sources */ = {isa = PBXBuildFile; fileRef = 77937B151978BDD30091FFA0 /* ShelterMapViewController.m */; };
		77937B191978C1950091FFA0 /* ShelterLocation.m in Sources */ = {isa = PBXBuildFile; fileRef = 77937B181978C1950091FFA0 /* ShelterLocation.m */; };
		77937B1C1978C7160091FFA0 /* FilterButtom.m in Sources */ = {isa = PBXBuildFile; fileRef = 77937B1B1978C7160091FFA0 /* FilterButtom.m */; };
		77937B201978CC910091FFA0 /* general_pin.png in Resources */ = {isa = PBXBuildFile; fileRef = 77937B1F1978CC910091FFA0 /* general_pin.png */; };
		77937B221978CFE20091FFA0 /* uncheckBox.png in Resources */ = {isa = PBXBuildFile; fileRef = 77937B211978CFE20091FFA0 /* uncheckBox.png */; };
		77937B241978D0BB0091FFA0 /* checked.png in Resources */ = {isa = PBXBuildFile; fileRef = 77937B231978D0BB0091FFA0 /* checked.png */; };
/* End PBXBuildFile section */

/* Begin PBXContainerItemProxy section */
		77937AFC1978B2E00091FFA0 /* PBXContainerItemProxy */ = {
			isa = PBXContainerItemProxy;
			containerPortal = 77937ACE1978B2E00091FFA0 /* Project object */;
			proxyType = 1;
			remoteGlobalIDString = 77937AD51978B2E00091FFA0;
			remoteInfo = Shelter;
		};
/* End PBXContainerItemProxy section */

/* Begin PBXFileReference section */
		73CB549C1979684800B9F0F2 /* Image7.jpg */ = {isa = PBXFileReference; lastKnownFileType = image.jpeg; path = Image7.jpg; sourceTree = "<group>"; };
		73CB549D1979684800B9F0F2 /* Image2.jpg */ = {isa = PBXFileReference; lastKnownFileType = image.jpeg; path = Image2.jpg; sourceTree = "<group>"; };
		73CB549E1979684800B9F0F2 /* Image4.jpg */ = {isa = PBXFileReference; lastKnownFileType = image.jpeg; path = Image4.jpg; sourceTree = "<group>"; };
		73CB549F1979684800B9F0F2 /* Image5.jpg */ = {isa = PBXFileReference; lastKnownFileType = image.jpeg; path = Image5.jpg; sourceTree = "<group>"; };
		73CB54A01979684800B9F0F2 /* Image6.jpg */ = {isa = PBXFileReference; lastKnownFileType = image.jpeg; path = Image6.jpg; sourceTree = "<group>"; };
		73CB54A11979684800B9F0F2 /* QRCode.png */ = {isa = PBXFileReference; lastKnownFileType = image.png; path = QRCode.png; sourceTree = "<group>"; };
		73EB22B5197979E1008D6729 /* Cover.png */ = {isa = PBXFileReference; lastKnownFileType = image.png; path = Cover.png; sourceTree = "<group>"; };
		73EB22B6197979E1008D6729 /* image1.jpg */ = {isa = PBXFileReference; lastKnownFileType = image.jpeg; path = image1.jpg; sourceTree = "<group>"; };
		73EB22B7197979E1008D6729 /* image3.jpg */ = {isa = PBXFileReference; lastKnownFileType = image.jpeg; path = image3.jpg; sourceTree = "<group>"; };
		73EB22BB19797AF6008D6729 /* cross39.png */ = {isa = PBXFileReference; lastKnownFileType = image.png; path = cross39.png; sourceTree = "<group>"; };
		77937AD61978B2E00091FFA0 /* Shelter.app */ = {isa = PBXFileReference; explicitFileType = wrapper.application; includeInIndex = 0; path = Shelter.app; sourceTree = BUILT_PRODUCTS_DIR; };
		77937AD91978B2E00091FFA0 /* Foundation.framework */ = {isa = PBXFileReference; lastKnownFileType = wrapper.framework; name = Foundation.framework; path = System/Library/Frameworks/Foundation.framework; sourceTree = SDKROOT; };
		77937ADB1978B2E00091FFA0 /* CoreGraphics.framework */ = {isa = PBXFileReference; lastKnownFileType = wrapper.framework; name = CoreGraphics.framework; path = System/Library/Frameworks/CoreGraphics.framework; sourceTree = SDKROOT; };
		77937ADD1978B2E00091FFA0 /* UIKit.framework */ = {isa = PBXFileReference; lastKnownFileType = wrapper.framework; name = UIKit.framework; path = System/Library/Frameworks/UIKit.framework; sourceTree = SDKROOT; };
		77937AE11978B2E00091FFA0 /* Shelter-Info.plist */ = {isa = PBXFileReference; lastKnownFileType = text.plist.xml; path = "Shelter-Info.plist"; sourceTree = "<group>"; };
		77937AE31978B2E00091FFA0 /* en */ = {isa = PBXFileReference; lastKnownFileType = text.plist.strings; name = en; path = en.lproj/InfoPlist.strings; sourceTree = "<group>"; };
		77937AE51978B2E00091FFA0 /* main.m */ = {isa = PBXFileReference; lastKnownFileType = sourcecode.c.objc; path = main.m; sourceTree = "<group>"; };
		77937AE71978B2E00091FFA0 /* Shelter-Prefix.pch */ = {isa = PBXFileReference; lastKnownFileType = sourcecode.c.h; path = "Shelter-Prefix.pch"; sourceTree = "<group>"; };
		77937AE81978B2E00091FFA0 /* AppDelegate.h */ = {isa = PBXFileReference; lastKnownFileType = sourcecode.c.h; path = AppDelegate.h; sourceTree = "<group>"; };
		77937AE91978B2E00091FFA0 /* AppDelegate.m */ = {isa = PBXFileReference; lastKnownFileType = sourcecode.c.objc; path = AppDelegate.m; sourceTree = "<group>"; };
		77937AEC1978B2E00091FFA0 /* Base */ = {isa = PBXFileReference; lastKnownFileType = file.storyboard; name = Base; path = Base.lproj/Main.storyboard; sourceTree = "<group>"; };
		77937AEE1978B2E00091FFA0 /* ViewController.h */ = {isa = PBXFileReference; lastKnownFileType = sourcecode.c.h; path = ViewController.h; sourceTree = "<group>"; };
		77937AEF1978B2E00091FFA0 /* ViewController.m */ = {isa = PBXFileReference; lastKnownFileType = sourcecode.c.objc; path = ViewController.m; sourceTree = "<group>"; };
		77937AF11978B2E00091FFA0 /* Images.xcassets */ = {isa = PBXFileReference; lastKnownFileType = folder.assetcatalog; path = Images.xcassets; sourceTree = "<group>"; };
		77937AF71978B2E00091FFA0 /* ShelterTests.xctest */ = {isa = PBXFileReference; explicitFileType = wrapper.cfbundle; includeInIndex = 0; path = ShelterTests.xctest; sourceTree = BUILT_PRODUCTS_DIR; };
		77937AF81978B2E00091FFA0 /* XCTest.framework */ = {isa = PBXFileReference; lastKnownFileType = wrapper.framework; name = XCTest.framework; path = Library/Frameworks/XCTest.framework; sourceTree = DEVELOPER_DIR; };
		77937B001978B2E00091FFA0 /* ShelterTests-Info.plist */ = {isa = PBXFileReference; lastKnownFileType = text.plist.xml; path = "ShelterTests-Info.plist"; sourceTree = "<group>"; };
		77937B021978B2E00091FFA0 /* en */ = {isa = PBXFileReference; lastKnownFileType = text.plist.strings; name = en; path = en.lproj/InfoPlist.strings; sourceTree = "<group>"; };
		77937B041978B2E00091FFA0 /* ShelterTests.m */ = {isa = PBXFileReference; lastKnownFileType = sourcecode.c.objc; path = ShelterTests.m; sourceTree = "<group>"; };
		77937B0F1978B62B0091FFA0 /* JBKenBurnsView.h */ = {isa = PBXFileReference; fileEncoding = 4; lastKnownFileType = sourcecode.c.h; path = JBKenBurnsView.h; sourceTree = "<group>"; };
		77937B101978B62B0091FFA0 /* JBKenBurnsView.m */ = {isa = PBXFileReference; fileEncoding = 4; lastKnownFileType = sourcecode.c.objc; path = JBKenBurnsView.m; sourceTree = "<group>"; };
		77937B121978BB2C0091FFA0 /* MapKit.framework */ = {isa = PBXFileReference; lastKnownFileType = wrapper.framework; name = MapKit.framework; path = System/Library/Frameworks/MapKit.framework; sourceTree = SDKROOT; };
		77937B141978BDD30091FFA0 /* ShelterMapViewController.h */ = {isa = PBXFileReference; fileEncoding = 4; lastKnownFileType = sourcecode.c.h; path = ShelterMapViewController.h; sourceTree = "<group>"; };
		77937B151978BDD30091FFA0 /* ShelterMapViewController.m */ = {isa = PBXFileReference; fileEncoding = 4; lastKnownFileType = sourcecode.c.objc; path = ShelterMapViewController.m; sourceTree = "<group>"; };
		77937B171978C1950091FFA0 /* ShelterLocation.h */ = {isa = PBXFileReference; fileEncoding = 4; lastKnownFileType = sourcecode.c.h; path = ShelterLocation.h; sourceTree = "<group>"; };
		77937B181978C1950091FFA0 /* ShelterLocation.m */ = {isa = PBXFileReference; fileEncoding = 4; lastKnownFileType = sourcecode.c.objc; path = ShelterLocation.m; sourceTree = "<group>"; };
		77937B1A1978C7160091FFA0 /* FilterButtom.h */ = {isa = PBXFileReference; fileEncoding = 4; lastKnownFileType = sourcecode.c.h; path = FilterButtom.h; sourceTree = "<group>"; };
		77937B1B1978C7160091FFA0 /* FilterButtom.m */ = {isa = PBXFileReference; fileEncoding = 4; lastKnownFileType = sourcecode.c.objc; path = FilterButtom.m; sourceTree = "<group>"; };
		77937B1F1978CC910091FFA0 /* general_pin.png */ = {isa = PBXFileReference; lastKnownFileType = image.png; path = general_pin.png; sourceTree = "<group>"; };
		77937B211978CFE20091FFA0 /* uncheckBox.png */ = {isa = PBXFileReference; lastKnownFileType = image.png; path = uncheckBox.png; sourceTree = "<group>"; };
		77937B231978D0BB0091FFA0 /* checked.png */ = {isa = PBXFileReference; lastKnownFileType = image.png; path = checked.png; sourceTree = "<group>"; };
/* End PBXFileReference section */

/* Begin PBXFrameworksBuildPhase section */
		77937AD31978B2E00091FFA0 /* Frameworks */ = {
			isa = PBXFrameworksBuildPhase;
			buildActionMask = 2147483647;
			files = (
				77937ADC1978B2E00091FFA0 /* CoreGraphics.framework in Frameworks */,
				77937ADE1978B2E00091FFA0 /* UIKit.framework in Frameworks */,
				77937B131978BB2C0091FFA0 /* MapKit.framework in Frameworks */,
				77937ADA1978B2E00091FFA0 /* Foundation.framework in Frameworks */,
			);
			runOnlyForDeploymentPostprocessing = 0;
		};
		77937AF41978B2E00091FFA0 /* Frameworks */ = {
			isa = PBXFrameworksBuildPhase;
			buildActionMask = 2147483647;
			files = (
				77937AF91978B2E00091FFA0 /* XCTest.framework in Frameworks */,
				77937AFB1978B2E00091FFA0 /* UIKit.framework in Frameworks */,
				77937AFA1978B2E00091FFA0 /* Foundation.framework in Frameworks */,
			);
			runOnlyForDeploymentPostprocessing = 0;
		};
/* End PBXFrameworksBuildPhase section */

/* Begin PBXGroup section */
		77937ACD1978B2E00091FFA0 = {
			isa = PBXGroup;
			children = (
				77937ADF1978B2E00091FFA0 /* Shelter */,
				77937AFE1978B2E00091FFA0 /* ShelterTests */,
				77937AD81978B2E00091FFA0 /* Frameworks */,
				77937AD71978B2E00091FFA0 /* Products */,
			);
			sourceTree = "<group>";
		};
		77937AD71978B2E00091FFA0 /* Products */ = {
			isa = PBXGroup;
			children = (
				77937AD61978B2E00091FFA0 /* Shelter.app */,
				77937AF71978B2E00091FFA0 /* ShelterTests.xctest */,
			);
			name = Products;
			sourceTree = "<group>";
		};
		77937AD81978B2E00091FFA0 /* Frameworks */ = {
			isa = PBXGroup;
			children = (
				77937B121978BB2C0091FFA0 /* MapKit.framework */,
				77937AD91978B2E00091FFA0 /* Foundation.framework */,
				77937ADB1978B2E00091FFA0 /* CoreGraphics.framework */,
				77937ADD1978B2E00091FFA0 /* UIKit.framework */,
				77937AF81978B2E00091FFA0 /* XCTest.framework */,
			);
			name = Frameworks;
			sourceTree = "<group>";
		};
		77937ADF1978B2E00091FFA0 /* Shelter */ = {
			isa = PBXGroup;
			children = (
				73EB22BB19797AF6008D6729 /* cross39.png */,
				73EB22B5197979E1008D6729 /* Cover.png */,
				73EB22B6197979E1008D6729 /* image1.jpg */,
				73EB22B7197979E1008D6729 /* image3.jpg */,
				77937B231978D0BB0091FFA0 /* checked.png */,
				73CB549C1979684800B9F0F2 /* Image7.jpg */,
				73CB549D1979684800B9F0F2 /* Image2.jpg */,
				73CB549E1979684800B9F0F2 /* Image4.jpg */,
				73CB549F1979684800B9F0F2 /* Image5.jpg */,
				73CB54A01979684800B9F0F2 /* Image6.jpg */,
				73CB54A11979684800B9F0F2 /* QRCode.png */,
				77937B211978CFE20091FFA0 /* uncheckBox.png */,
				77937B1F1978CC910091FFA0 /* general_pin.png */,
				77937B0E1978B62B0091FFA0 /* KenBurns */,
				77937AE81978B2E00091FFA0 /* AppDelegate.h */,
				77937AE91978B2E00091FFA0 /* AppDelegate.m */,
				77937AEB1978B2E00091FFA0 /* Main.storyboard */,
				77937AEE1978B2E00091FFA0 /* ViewController.h */,
				77937AEF1978B2E00091FFA0 /* ViewController.m */,
				77937AF11978B2E00091FFA0 /* Images.xcassets */,
				77937B141978BDD30091FFA0 /* ShelterMapViewController.h */,
				77937B151978BDD30091FFA0 /* ShelterMapViewController.m */,
				77937AE01978B2E00091FFA0 /* Supporting Files */,
				77937B171978C1950091FFA0 /* ShelterLocation.h */,
				77937B181978C1950091FFA0 /* ShelterLocation.m */,
				77937B1A1978C7160091FFA0 /* FilterButtom.h */,
				77937B1B1978C7160091FFA0 /* FilterButtom.m */,
			);
			path = Shelter;
			sourceTree = "<group>";
		};
		77937AE01978B2E00091FFA0 /* Supporting Files */ = {
			isa = PBXGroup;
			children = (
				77937AE11978B2E00091FFA0 /* Shelter-Info.plist */,
				77937AE21978B2E00091FFA0 /* InfoPlist.strings */,
				77937AE51978B2E00091FFA0 /* main.m */,
				77937AE71978B2E00091FFA0 /* Shelter-Prefix.pch */,
			);
			name = "Supporting Files";
			sourceTree = "<group>";
		};
		77937AFE1978B2E00091FFA0 /* ShelterTests */ = {
			isa = PBXGroup;
			children = (
				77937B041978B2E00091FFA0 /* ShelterTests.m */,
				77937AFF1978B2E00091FFA0 /* Supporting Files */,
			);
			path = ShelterTests;
			sourceTree = "<group>";
		};
		77937AFF1978B2E00091FFA0 /* Supporting Files */ = {
			isa = PBXGroup;
			children = (
				77937B001978B2E00091FFA0 /* ShelterTests-Info.plist */,
				77937B011978B2E00091FFA0 /* InfoPlist.strings */,
			);
			name = "Supporting Files";
			sourceTree = "<group>";
		};
		77937B0E1978B62B0091FFA0 /* KenBurns */ = {
			isa = PBXGroup;
			children = (
				77937B0F1978B62B0091FFA0 /* JBKenBurnsView.h */,
				77937B101978B62B0091FFA0 /* JBKenBurnsView.m */,
			);
			path = KenBurns;
			sourceTree = "<group>";
		};
/* End PBXGroup section */

/* Begin PBXNativeTarget section */
		77937AD51978B2E00091FFA0 /* Shelter */ = {
			isa = PBXNativeTarget;
			buildConfigurationList = 77937B081978B2E00091FFA0 /* Build configuration list for PBXNativeTarget "Shelter" */;
			buildPhases = (
				77937AD21978B2E00091FFA0 /* Sources */,
				77937AD31978B2E00091FFA0 /* Frameworks */,
				77937AD41978B2E00091FFA0 /* Resources */,
			);
			buildRules = (
			);
			dependencies = (
			);
			name = Shelter;
			productName = Shelter;
			productReference = 77937AD61978B2E00091FFA0 /* Shelter.app */;
			productType = "com.apple.product-type.application";
		};
		77937AF61978B2E00091FFA0 /* ShelterTests */ = {
			isa = PBXNativeTarget;
			buildConfigurationList = 77937B0B1978B2E00091FFA0 /* Build configuration list for PBXNativeTarget "ShelterTests" */;
			buildPhases = (
				77937AF31978B2E00091FFA0 /* Sources */,
				77937AF41978B2E00091FFA0 /* Frameworks */,
				77937AF51978B2E00091FFA0 /* Resources */,
			);
			buildRules = (
			);
			dependencies = (
				77937AFD1978B2E00091FFA0 /* PBXTargetDependency */,
			);
			name = ShelterTests;
			productName = ShelterTests;
			productReference = 77937AF71978B2E00091FFA0 /* ShelterTests.xctest */;
			productType = "com.apple.product-type.bundle.unit-test";
		};
/* End PBXNativeTarget section */

/* Begin PBXProject section */
		77937ACE1978B2E00091FFA0 /* Project object */ = {
			isa = PBXProject;
			attributes = {
				LastUpgradeCheck = 0510;
				ORGANIZATIONNAME = SolsticExpressDay;
				TargetAttributes = {
					77937AD51978B2E00091FFA0 = {
						SystemCapabilities = {
							com.apple.iOS = {
								enabled = 1;
							};
						};
					};
					77937AF61978B2E00091FFA0 = {
						TestTargetID = 77937AD51978B2E00091FFA0;
					};
				};
			};
			buildConfigurationList = 77937AD11978B2E00091FFA0 /* Build configuration list for PBXProject "Shelter" */;
			compatibilityVersion = "Xcode 3.2";
			developmentRegion = English;
			hasScannedForEncodings = 0;
			knownRegions = (
				en,
				Base,
			);
			mainGroup = 77937ACD1978B2E00091FFA0;
			productRefGroup = 77937AD71978B2E00091FFA0 /* Products */;
			projectDirPath = "";
			projectRoot = "";
			targets = (
				77937AD51978B2E00091FFA0 /* Shelter */,
				77937AF61978B2E00091FFA0 /* ShelterTests */,
			);
		};
/* End PBXProject section */

/* Begin PBXResourcesBuildPhase section */
		77937AD41978B2E00091FFA0 /* Resources */ = {
			isa = PBXResourcesBuildPhase;
			buildActionMask = 2147483647;
			files = (
				73CB54A51979684800B9F0F2 /* Image4.jpg in Resources */,
				73EB22B8197979E1008D6729 /* Cover.png in Resources */,
				77937B221978CFE20091FFA0 /* uncheckBox.png in Resources */,
				73EB22B9197979E1008D6729 /* image1.jpg in Resources */,
				73EB22BC19797AF6008D6729 /* cross39.png in Resources */,
				73CB54A81979684800B9F0F2 /* QRCode.png in Resources */,
				73CB54A61979684800B9F0F2 /* Image5.jpg in Resources */,
				77937AF21978B2E00091FFA0 /* Images.xcassets in Resources */,
				77937AE41978B2E00091FFA0 /* InfoPlist.strings in Resources */,
				77937B241978D0BB0091FFA0 /* checked.png in Resources */,
				77937B201978CC910091FFA0 /* general_pin.png in Resources */,
				73EB22BA197979E1008D6729 /* image3.jpg in Resources */,
				73CB54A31979684800B9F0F2 /* Image7.jpg in Resources */,
				73CB54A41979684800B9F0F2 /* Image2.jpg in Resources */,
				73CB54A71979684800B9F0F2 /* Image6.jpg in Resources */,
				77937AED1978B2E00091FFA0 /* Main.storyboard in Resources */,
			);
			runOnlyForDeploymentPostprocessing = 0;
		};
		77937AF51978B2E00091FFA0 /* Resources */ = {
			isa = PBXResourcesBuildPhase;
			buildActionMask = 2147483647;
			files = (
				77937B031978B2E00091FFA0 /* InfoPlist.strings in Resources */,
			);
			runOnlyForDeploymentPostprocessing = 0;
		};
/* End PBXResourcesBuildPhase section */

/* Begin PBXSourcesBuildPhase section */
		77937AD21978B2E00091FFA0 /* Sources */ = {
			isa = PBXSourcesBuildPhase;
			buildActionMask = 2147483647;
			files = (
				77937AF01978B2E00091FFA0 /* ViewController.m in Sources */,
				77937B1C1978C7160091FFA0 /* FilterButtom.m in Sources */,
				77937B161978BDD30091FFA0 /* ShelterMapViewController.m in Sources */,
				77937B191978C1950091FFA0 /* ShelterLocation.m in Sources */,
				77937AEA1978B2E00091FFA0 /* AppDelegate.m in Sources */,
				77937B111978B62B0091FFA0 /* JBKenBurnsView.m in Sources */,
				77937AE61978B2E00091FFA0 /* main.m in Sources */,
			);
			runOnlyForDeploymentPostprocessing = 0;
		};
		77937AF31978B2E00091FFA0 /* Sources */ = {
			isa = PBXSourcesBuildPhase;
			buildActionMask = 2147483647;
			files = (
				77937B051978B2E00091FFA0 /* ShelterTests.m in Sources */,
			);
			runOnlyForDeploymentPostprocessing = 0;
		};
/* End PBXSourcesBuildPhase section */

/* Begin PBXTargetDependency section */
		77937AFD1978B2E00091FFA0 /* PBXTargetDependency */ = {
			isa = PBXTargetDependency;
			target = 77937AD51978B2E00091FFA0 /* Shelter */;
			targetProxy = 77937AFC1978B2E00091FFA0 /* PBXContainerItemProxy */;
		};
/* End PBXTargetDependency section */

/* Begin PBXVariantGroup section */
		77937AE21978B2E00091FFA0 /* InfoPlist.strings */ = {
			isa = PBXVariantGroup;
			children = (
				77937AE31978B2E00091FFA0 /* en */,
			);
			name = InfoPlist.strings;
			sourceTree = "<group>";
		};
		77937AEB1978B2E00091FFA0 /* Main.storyboard */ = {
			isa = PBXVariantGroup;
			children = (
				77937AEC1978B2E00091FFA0 /* Base */,
			);
			name = Main.storyboard;
			sourceTree = "<group>";
		};
		77937B011978B2E00091FFA0 /* InfoPlist.strings */ = {
			isa = PBXVariantGroup;
			children = (
				77937B021978B2E00091FFA0 /* en */,
			);
			name = InfoPlist.strings;
			sourceTree = "<group>";
		};
/* End PBXVariantGroup section */

/* Begin XCBuildConfiguration section */
		77937B061978B2E00091FFA0 /* Debug */ = {
			isa = XCBuildConfiguration;
			buildSettings = {
				ALWAYS_SEARCH_USER_PATHS = NO;
				CLANG_CXX_LANGUAGE_STANDARD = "gnu++0x";
				CLANG_CXX_LIBRARY = "libc++";
				CLANG_ENABLE_MODULES = YES;
				CLANG_ENABLE_OBJC_ARC = YES;
				CLANG_WARN_BOOL_CONVERSION = YES;
				CLANG_WARN_CONSTANT_CONVERSION = YES;
				CLANG_WARN_DIRECT_OBJC_ISA_USAGE = YES_ERROR;
				CLANG_WARN_EMPTY_BODY = YES;
				CLANG_WARN_ENUM_CONVERSION = YES;
				CLANG_WARN_INT_CONVERSION = YES;
				CLANG_WARN_OBJC_ROOT_CLASS = YES_ERROR;
				CLANG_WARN__DUPLICATE_METHOD_MATCH = YES;
				"CODE_SIGN_IDENTITY[sdk=iphoneos*]" = "iPhone Developer";
				COPY_PHASE_STRIP = NO;
				GCC_C_LANGUAGE_STANDARD = gnu99;
				GCC_DYNAMIC_NO_PIC = NO;
				GCC_OPTIMIZATION_LEVEL = 0;
				GCC_PREPROCESSOR_DEFINITIONS = (
					"DEBUG=1",
					"$(inherited)",
				);
				GCC_SYMBOLS_PRIVATE_EXTERN = NO;
				GCC_WARN_64_TO_32_BIT_CONVERSION = YES;
				GCC_WARN_ABOUT_RETURN_TYPE = YES_ERROR;
				GCC_WARN_UNDECLARED_SELECTOR = YES;
				GCC_WARN_UNINITIALIZED_AUTOS = YES_AGGRESSIVE;
				GCC_WARN_UNUSED_FUNCTION = YES;
				GCC_WARN_UNUSED_VARIABLE = YES;
				IPHONEOS_DEPLOYMENT_TARGET = 7.1;
				ONLY_ACTIVE_ARCH = YES;
				SDKROOT = iphoneos;
				TARGETED_DEVICE_FAMILY = 2;
			};
			name = Debug;
		};
		77937B071978B2E00091FFA0 /* Release */ = {
			isa = XCBuildConfiguration;
			buildSettings = {
				ALWAYS_SEARCH_USER_PATHS = NO;
				CLANG_CXX_LANGUAGE_STANDARD = "gnu++0x";
				CLANG_CXX_LIBRARY = "libc++";
				CLANG_ENABLE_MODULES = YES;
				CLANG_ENABLE_OBJC_ARC = YES;
				CLANG_WARN_BOOL_CONVERSION = YES;
				CLANG_WARN_CONSTANT_CONVERSION = YES;
				CLANG_WARN_DIRECT_OBJC_ISA_USAGE = YES_ERROR;
				CLANG_WARN_EMPTY_BODY = YES;
				CLANG_WARN_ENUM_CONVERSION = YES;
				CLANG_WARN_INT_CONVERSION = YES;
				CLANG_WARN_OBJC_ROOT_CLASS = YES_ERROR;
				CLANG_WARN__DUPLICATE_METHOD_MATCH = YES;
				"CODE_SIGN_IDENTITY[sdk=iphoneos*]" = "iPhone Developer";
				COPY_PHASE_STRIP = YES;
				ENABLE_NS_ASSERTIONS = NO;
				GCC_C_LANGUAGE_STANDARD = gnu99;
				GCC_WARN_64_TO_32_BIT_CONVERSION = YES;
				GCC_WARN_ABOUT_RETURN_TYPE = YES_ERROR;
				GCC_WARN_UNDECLARED_SELECTOR = YES;
				GCC_WARN_UNINITIALIZED_AUTOS = YES_AGGRESSIVE;
				GCC_WARN_UNUSED_FUNCTION = YES;
				GCC_WARN_UNUSED_VARIABLE = YES;
				IPHONEOS_DEPLOYMENT_TARGET = 7.1;
				SDKROOT = iphoneos;
				TARGETED_DEVICE_FAMILY = 2;
				VALIDATE_PRODUCT = YES;
			};
			name = Release;
		};
		77937B091978B2E00091FFA0 /* Debug */ = {
			isa = XCBuildConfiguration;
			buildSettings = {
				ASSETCATALOG_COMPILER_APPICON_NAME = AppIcon;
				ASSETCATALOG_COMPILER_LAUNCHIMAGE_NAME = LaunchImage;
				GCC_PRECOMPILE_PREFIX_HEADER = YES;
				GCC_PREFIX_HEADER = "Shelter/Shelter-Prefix.pch";
				INFOPLIST_FILE = "Shelter/Shelter-Info.plist";
				PRODUCT_NAME = "$(TARGET_NAME)";
				WRAPPER_EXTENSION = app;
			};
			name = Debug;
		};
		77937B0A1978B2E00091FFA0 /* Release */ = {
			isa = XCBuildConfiguration;
			buildSettings = {
				ASSETCATALOG_COMPILER_APPICON_NAME = AppIcon;
				ASSETCATALOG_COMPILER_LAUNCHIMAGE_NAME = LaunchImage;
				GCC_PRECOMPILE_PREFIX_HEADER = YES;
				GCC_PREFIX_HEADER = "Shelter/Shelter-Prefix.pch";
				INFOPLIST_FILE = "Shelter/Shelter-Info.plist";
				PRODUCT_NAME = "$(TARGET_NAME)";
				WRAPPER_EXTENSION = app;
			};
			name = Release;
		};
		77937B0C1978B2E00091FFA0 /* Debug */ = {
			isa = XCBuildConfiguration;
			buildSettings = {
				BUNDLE_LOADER = "$(BUILT_PRODUCTS_DIR)/Shelter.app/Shelter";
				FRAMEWORK_SEARCH_PATHS = (
					"$(SDKROOT)/Developer/Library/Frameworks",
					"$(inherited)",
					"$(DEVELOPER_FRAMEWORKS_DIR)",
				);
				GCC_PRECOMPILE_PREFIX_HEADER = YES;
				GCC_PREFIX_HEADER = "Shelter/Shelter-Prefix.pch";
				GCC_PREPROCESSOR_DEFINITIONS = (
					"DEBUG=1",
					"$(inherited)",
				);
				INFOPLIST_FILE = "ShelterTests/ShelterTests-Info.plist";
				PRODUCT_NAME = "$(TARGET_NAME)";
				TEST_HOST = "$(BUNDLE_LOADER)";
				WRAPPER_EXTENSION = xctest;
			};
			name = Debug;
		};
		77937B0D1978B2E00091FFA0 /* Release */ = {
			isa = XCBuildConfiguration;
			buildSettings = {
				BUNDLE_LOADER = "$(BUILT_PRODUCTS_DIR)/Shelter.app/Shelter";
				FRAMEWORK_SEARCH_PATHS = (
					"$(SDKROOT)/Developer/Library/Frameworks",
					"$(inherited)",
					"$(DEVELOPER_FRAMEWORKS_DIR)",
				);
				GCC_PRECOMPILE_PREFIX_HEADER = YES;
				GCC_PREFIX_HEADER = "Shelter/Shelter-Prefix.pch";
				INFOPLIST_FILE = "ShelterTests/ShelterTests-Info.plist";
				PRODUCT_NAME = "$(TARGET_NAME)";
				TEST_HOST = "$(BUNDLE_LOADER)";
				WRAPPER_EXTENSION = xctest;
			};
			name = Release;
		};
/* End XCBuildConfiguration section */

/* Begin XCConfigurationList section */
		77937AD11978B2E00091FFA0 /* Build configuration list for PBXProject "Shelter" */ = {
			isa = XCConfigurationList;
			buildConfigurations = (
				77937B061978B2E00091FFA0 /* Debug */,
				77937B071978B2E00091FFA0 /* Release */,
			);
			defaultConfigurationIsVisible = 0;
			defaultConfigurationName = Release;
		};
		77937B081978B2E00091FFA0 /* Build configuration list for PBXNativeTarget "Shelter" */ = {
			isa = XCConfigurationList;
			buildConfigurations = (
				77937B091978B2E00091FFA0 /* Debug */,
				77937B0A1978B2E00091FFA0 /* Release */,
			);
			defaultConfigurationIsVisible = 0;
			defaultConfigurationName = Release;
		};
		77937B0B1978B2E00091FFA0 /* Build configuration list for PBXNativeTarget "ShelterTests" */ = {
			isa = XCConfigurationList;
			buildConfigurations = (
				77937B0C1978B2E00091FFA0 /* Debug */,
				77937B0D1978B2E00091FFA0 /* Release */,
			);
			defaultConfigurationIsVisible = 0;
			defaultConfigurationName = Release;
		};
/* End XCConfigurationList section */
	};
	rootObject = 77937ACE1978B2E00091FFA0 /* Project object */;
}
